// !$*UTF8*$!
{
	archiveVersion = 1;
	classes = {
	};
	objectVersion = 46;
	objects = {

/* Begin PBXBuildFile section */
		22AF395718117DC60066BB35 /* UIKit.framework in Frameworks */ = {isa = PBXBuildFile; fileRef = 22AF395618117DC60066BB35 /* UIKit.framework */; };
		22AF395918117DC60066BB35 /* Foundation.framework in Frameworks */ = {isa = PBXBuildFile; fileRef = 22AF395818117DC60066BB35 /* Foundation.framework */; };
		22AF395B18117DC60066BB35 /* CoreGraphics.framework in Frameworks */ = {isa = PBXBuildFile; fileRef = 22AF395A18117DC60066BB35 /* CoreGraphics.framework */; };
		22AF396118117DC60066BB35 /* InfoPlist.strings in Resources */ = {isa = PBXBuildFile; fileRef = 22AF395F18117DC60066BB35 /* InfoPlist.strings */; };
		22AF396318117DC60066BB35 /* main.m in Sources */ = {isa = PBXBuildFile; fileRef = 22AF396218117DC60066BB35 /* main.m */; };
		22AF396718117DC60066BB35 /* QuizAppDelegate.m in Sources */ = {isa = PBXBuildFile; fileRef = 22AF396618117DC60066BB35 /* QuizAppDelegate.m */; };
		22AF396918117DC60066BB35 /* Default.png in Resources */ = {isa = PBXBuildFile; fileRef = 22AF396818117DC60066BB35 /* Default.png */; };
		22AF396B18117DC60066BB35 /* Default@2x.png in Resources */ = {isa = PBXBuildFile; fileRef = 22AF396A18117DC60066BB35 /* Default@2x.png */; };
		22AF396D18117DC60066BB35 /* Default-568h@2x.png in Resources */ = {isa = PBXBuildFile; fileRef = 22AF396C18117DC60066BB35 /* Default-568h@2x.png */; };
		22AF397018117DC60066BB35 /* QuizViewController.m in Sources */ = {isa = PBXBuildFile; fileRef = 22AF396F18117DC60066BB35 /* QuizViewController.m */; };
		22AF397318117DC60066BB35 /* QuizViewController.xib in Resources */ = {isa = PBXBuildFile; fileRef = 22AF397118117DC60066BB35 /* QuizViewController.xib */; };
		22AF397A181191EA0066BB35 /* Icon.png in Resources */ = {isa = PBXBuildFile; fileRef = 22AF3979181191EA0066BB35 /* Icon.png */; };
		22AF397C181191EC0066BB35 /* Icon@2x.png in Resources */ = {isa = PBXBuildFile; fileRef = 22AF397B181191EC0066BB35 /* Icon@2x.png */; };
		22AF397E181193940066BB35 /* Default@2x.png in Resources */ = {isa = PBXBuildFile; fileRef = 22AF397D181193940066BB35 /* Default@2x.png */; };
/* End PBXBuildFile section */

/* Begin PBXFileReference section */
		22AF395318117DC50066BB35 /* Quiz.app */ = {isa = PBXFileReference; explicitFileType = wrapper.application; includeInIndex = 0; path = Quiz.app; sourceTree = BUILT_PRODUCTS_DIR; };
		22AF395618117DC60066BB35 /* UIKit.framework */ = {isa = PBXFileReference; lastKnownFileType = wrapper.framework; name = UIKit.framework; path = System/Library/Frameworks/UIKit.framework; sourceTree = SDKROOT; };
		22AF395818117DC60066BB35 /* Foundation.framework */ = {isa = PBXFileReference; lastKnownFileType = wrapper.framework; name = Foundation.framework; path = System/Library/Frameworks/Foundation.framework; sourceTree = SDKROOT; };
		22AF395A18117DC60066BB35 /* CoreGraphics.framework */ = {isa = PBXFileReference; lastKnownFileType = wrapper.framework; name = CoreGraphics.framework; path = System/Library/Frameworks/CoreGraphics.framework; sourceTree = SDKROOT; };
		22AF395E18117DC60066BB35 /* Quiz-Info.plist */ = {isa = PBXFileReference; lastKnownFileType = text.plist.xml; path = "Quiz-Info.plist"; sourceTree = "<group>"; };
		22AF396018117DC60066BB35 /* en */ = {isa = PBXFileReference; lastKnownFileType = text.plist.strings; name = en; path = en.lproj/InfoPlist.strings; sourceTree = "<group>"; };
		22AF396218117DC60066BB35 /* main.m */ = {isa = PBXFileReference; lastKnownFileType = sourcecode.c.objc; path = main.m; sourceTree = "<group>"; };
		22AF396418117DC60066BB35 /* Quiz-Prefix.pch */ = {isa = PBXFileReference; lastKnownFileType = sourcecode.c.h; path = "Quiz-Prefix.pch"; sourceTree = "<group>"; };
		22AF396518117DC60066BB35 /* QuizAppDelegate.h */ = {isa = PBXFileReference; lastKnownFileType = sourcecode.c.h; path = QuizAppDelegate.h; sourceTree = "<group>"; };
		22AF396618117DC60066BB35 /* QuizAppDelegate.m */ = {isa = PBXFileReference; lastKnownFileType = sourcecode.c.objc; path = QuizAppDelegate.m; sourceTree = "<group>"; };
		22AF396818117DC60066BB35 /* Default.png */ = {isa = PBXFileReference; lastKnownFileType = image.png; path = Default.png; sourceTree = "<group>"; };
		22AF396A18117DC60066BB35 /* Default@2x.png */ = {isa = PBXFileReference; lastKnownFileType = image.png; path = "Default@2x.png"; sourceTree = "<group>"; };
		22AF396C18117DC60066BB35 /* Default-568h@2x.png */ = {isa = PBXFileReference; lastKnownFileType = image.png; path = "Default-568h@2x.png"; sourceTree = "<group>"; };
		22AF396E18117DC60066BB35 /* QuizViewController.h */ = {isa = PBXFileReference; lastKnownFileType = sourcecode.c.h; path = QuizViewController.h; sourceTree = "<group>"; };
		22AF396F18117DC60066BB35 /* QuizViewController.m */ = {isa = PBXFileReference; lastKnownFileType = sourcecode.c.objc; path = QuizViewController.m; sourceTree = "<group>"; };
		22AF397218117DC60066BB35 /* en */ = {isa = PBXFileReference; lastKnownFileType = file.xib; name = en; path = en.lproj/QuizViewController.xib; sourceTree = "<group>"; };
		22AF3979181191EA0066BB35 /* Icon.png */ = {isa = PBXFileReference; lastKnownFileType = image.png; path = Icon.png; sourceTree = "<group>"; };
		22AF397B181191EC0066BB35 /* Icon@2x.png */ = {isa = PBXFileReference; lastKnownFileType = image.png; path = "Icon@2x.png"; sourceTree = "<group>"; };
		22AF397D181193940066BB35 /* Default@2x.png */ = {isa = PBXFileReference; lastKnownFileType = image.png; name = "Default@2x.png"; path = "../Default@2x.png"; sourceTree = "<group>"; };
/* End PBXFileReference section */

/* Begin PBXFrameworksBuildPhase section */
		22AF395018117DC50066BB35 /* Frameworks */ = {
			isa = PBXFrameworksBuildPhase;
			buildActionMask = 2147483647;
			files = (
				22AF395718117DC60066BB35 /* UIKit.framework in Frameworks */,
				22AF395918117DC60066BB35 /* Foundation.framework in Frameworks */,
				22AF395B18117DC60066BB35 /* CoreGraphics.framework in Frameworks */,
			);
			runOnlyForDeploymentPostprocessing = 0;
		};
/* End PBXFrameworksBuildPhase section */

/* Begin PBXGroup section */
		22AF394A18117DC50066BB35 = {
			isa = PBXGroup;
			children = (
				22AF397B181191EC0066BB35 /* Icon@2x.png */,
				22AF3979181191EA0066BB35 /* Icon.png */,
				22AF395C18117DC60066BB35 /* Quiz */,
				22AF395518117DC50066BB35 /* Frameworks */,
				22AF395418117DC50066BB35 /* Products */,
			);
			sourceTree = "<group>";
		};
		22AF395418117DC50066BB35 /* Products */ = {
			isa = PBXGroup;
			children = (
				22AF395318117DC50066BB35 /* Quiz.app */,
			);
			name = Products;
			sourceTree = "<group>";
		};
		22AF395518117DC50066BB35 /* Frameworks */ = {
			isa = PBXGroup;
			children = (
				22AF395618117DC60066BB35 /* UIKit.framework */,
				22AF395818117DC60066BB35 /* Foundation.framework */,
				22AF395A18117DC60066BB35 /* CoreGraphics.framework */,
			);
			name = Frameworks;
			sourceTree = "<group>";
		};
		22AF395C18117DC60066BB35 /* Quiz */ = {
			isa = PBXGroup;
			children = (
				22AF396518117DC60066BB35 /* QuizAppDelegate.h */,
				22AF396618117DC60066BB35 /* QuizAppDelegate.m */,
				22AF396E18117DC60066BB35 /* QuizViewController.h */,
				22AF396F18117DC60066BB35 /* QuizViewController.m */,
				22AF397118117DC60066BB35 /* QuizViewController.xib */,
				22AF395D18117DC60066BB35 /* Supporting Files */,
			);
			path = Quiz;
			sourceTree = "<group>";
		};
		22AF395D18117DC60066BB35 /* Supporting Files */ = {
			isa = PBXGroup;
			children = (
				22AF395E18117DC60066BB35 /* Quiz-Info.plist */,
				22AF395F18117DC60066BB35 /* InfoPlist.strings */,
				22AF396218117DC60066BB35 /* main.m */,
				22AF396418117DC60066BB35 /* Quiz-Prefix.pch */,
				22AF396818117DC60066BB35 /* Default.png */,
				22AF397D181193940066BB35 /* Default@2x.png */,
				22AF396A18117DC60066BB35 /* Default@2x.png */,
				22AF396C18117DC60066BB35 /* Default-568h@2x.png */,
			);
			name = "Supporting Files";
			sourceTree = "<group>";
		};
/* End PBXGroup section */

/* Begin PBXNativeTarget section */
		22AF395218117DC50066BB35 /* Quiz */ = {
			isa = PBXNativeTarget;
			buildConfigurationList = 22AF397618117DC60066BB35 /* Build configuration list for PBXNativeTarget "Quiz" */;
			buildPhases = (
				22AF394F18117DC50066BB35 /* Sources */,
				22AF395018117DC50066BB35 /* Frameworks */,
				22AF395118117DC50066BB35 /* Resources */,
			);
			buildRules = (
			);
			dependencies = (
			);
			name = Quiz;
			productName = Quiz;
			productReference = 22AF395318117DC50066BB35 /* Quiz.app */;
			productType = "com.apple.product-type.application";
		};
/* End PBXNativeTarget section */

/* Begin PBXProject section */
		22AF394B18117DC50066BB35 /* Project object */ = {
			isa = PBXProject;
			attributes = {
				CLASSPREFIX = Quiz;
				LastUpgradeCheck = 0460;
				ORGANIZATIONNAME = "Tim Spear";
			};
			buildConfigurationList = 22AF394E18117DC50066BB35 /* Build configuration list for PBXProject "Quiz" */;
			compatibilityVersion = "Xcode 3.2";
			developmentRegion = English;
			hasScannedForEncodings = 0;
			knownRegions = (
				en,
			);
			mainGroup = 22AF394A18117DC50066BB35;
			productRefGroup = 22AF395418117DC50066BB35 /* Products */;
			projectDirPath = "";
			projectRoot = "";
			targets = (
				22AF395218117DC50066BB35 /* Quiz */,
			);
		};
/* End PBXProject section */

/* Begin PBXResourcesBuildPhase section */
		22AF395118117DC50066BB35 /* Resources */ = {
			isa = PBXResourcesBuildPhase;
			buildActionMask = 2147483647;
			files = (
				22AF396118117DC60066BB35 /* InfoPlist.strings in Resources */,
				22AF396918117DC60066BB35 /* Default.png in Resources */,
				22AF396B18117DC60066BB35 /* Default@2x.png in Resources */,
				22AF396D18117DC60066BB35 /* Default-568h@2x.png in Resources */,
				22AF397318117DC60066BB35 /* QuizViewController.xib in Resources */,
				22AF397A181191EA0066BB35 /* Icon.png in Resources */,
				22AF397C181191EC0066BB35 /* Icon@2x.png in Resources */,
				22AF397E181193940066BB35 /* Default@2x.png in Resources */,
			);
			runOnlyForDeploymentPostprocessing = 0;
		};
/* End PBXResourcesBuildPhase section */

/* Begin PBXSourcesBuildPhase section */
		22AF394F18117DC50066BB35 /* Sources */ = {
			isa = PBXSourcesBuildPhase;
			buildActionMask = 2147483647;
			files = (
				22AF396318117DC60066BB35 /* main.m in Sources */,
				22AF396718117DC60066BB35 /* QuizAppDelegate.m in Sources */,
				22AF397018117DC60066BB35 /* QuizViewController.m in Sources */,
			);
			runOnlyForDeploymentPostprocessing = 0;
		};
/* End PBXSourcesBuildPhase section */

/* Begin PBXVariantGroup section */
		22AF395F18117DC60066BB35 /* InfoPlist.strings */ = {
			isa = PBXVariantGroup;
			children = (
				22AF396018117DC60066BB35 /* en */,
			);
			name = InfoPlist.strings;
			sourceTree = "<group>";
		};
		22AF397118117DC60066BB35 /* QuizViewController.xib */ = {
			isa = PBXVariantGroup;
			children = (
				22AF397218117DC60066BB35 /* en */,
			);
			name = QuizViewController.xib;
			sourceTree = "<group>";
		};
/* End PBXVariantGroup section */

/* Begin XCBuildConfiguration section */
		22AF397418117DC60066BB35 /* Debug */ = {
			isa = XCBuildConfiguration;
			buildSettings = {
				ALWAYS_SEARCH_USER_PATHS = NO;
				CLANG_CXX_LANGUAGE_STANDARD = "gnu++0x";
				CLANG_CXX_LIBRARY = "libc++";
				CLANG_ENABLE_OBJC_ARC = YES;
				CLANG_WARN_CONSTANT_CONVERSION = YES;
				CLANG_WARN_EMPTY_BODY = YES;
				CLANG_WARN_ENUM_CONVERSION = YES;
				CLANG_WARN_INT_CONVERSION = YES;
				CLANG_WARN__DUPLICATE_METHOD_MATCH = YES;
				"CODE_SIGN_IDENTITY[sdk=iphoneos*]" = "iPhone Developer";
				COPY_PHASE_STRIP = NO;
				GCC_C_LANGUAGE_STANDARD = gnu99;
				GCC_DYNAMIC_NO_PIC = NO;
				GCC_OPTIMIZATION_LEVEL = 0;
				GCC_PREPROCESSOR_DEFINITIONS = (
					"DEBUG=1",
					"$(inherited)",
				);
				GCC_SYMBOLS_PRIVATE_EXTERN = NO;
				GCC_WARN_ABOUT_RETURN_TYPE = YES;
				GCC_WARN_UNINITIALIZED_AUTOS = YES;
				GCC_WARN_UNUSED_VARIABLE = YES;
				IPHONEOS_DEPLOYMENT_TARGET = 6.1;
				ONLY_ACTIVE_ARCH = YES;
				SDKROOT = iphoneos;
			};
			name = Debug;
		};
		22AF397518117DC60066BB35 /* Release */ = {
			isa = XCBuildConfiguration;
			buildSettings = {
				ALWAYS_SEARCH_USER_PATHS = NO;
				CLANG_CXX_LANGUAGE_STANDARD = "gnu++0x";
				CLANG_CXX_LIBRARY = "libc++";
				CLANG_ENABLE_OBJC_ARC = YES;
				CLANG_WARN_CONSTANT_CONVERSION = YES;
				CLANG_WARN_EMPTY_BODY = YES;
				CLANG_WARN_ENUM_CONVERSION = YES;
				CLANG_WARN_INT_CONVERSION = YES;
				CLANG_WARN__DUPLICATE_METHOD_MATCH = YES;
				"CODE_SIGN_IDENTITY[sdk=iphoneos*]" = "iPhone Developer";
				COPY_PHASE_STRIP = YES;
				GCC_C_LANGUAGE_STANDARD = gnu99;
				GCC_WARN_ABOUT_RETURN_TYPE = YES;
				GCC_WARN_UNINITIALIZED_AUTOS = YES;
				GCC_WARN_UNUSED_VARIABLE = YES;
				IPHONEOS_DEPLOYMENT_TARGET = 6.1;
				OTHER_CFLAGS = "-DNS_BLOCK_ASSERTIONS=1";
				SDKROOT = iphoneos;
				VALIDATE_PRODUCT = YES;
			};
			name = Release;
		};
		22AF397718117DC60066BB35 /* Debug */ = {
			isa = XCBuildConfiguration;
			buildSettings = {
				GCC_PRECOMPILE_PREFIX_HEADER = YES;
				GCC_PREFIX_HEADER = "Quiz/Quiz-Prefix.pch";
				INFOPLIST_FILE = "Quiz/Quiz-Info.plist";
				PRODUCT_NAME = "$(TARGET_NAME)";
				WRAPPER_EXTENSION = app;
			};
			name = Debug;
		};
		22AF397818117DC60066BB35 /* Release */ = {
			isa = XCBuildConfiguration;
			buildSettings = {
				GCC_PRECOMPILE_PREFIX_HEADER = YES;
				GCC_PREFIX_HEADER = "Quiz/Quiz-Prefix.pch";
				INFOPLIST_FILE = "Quiz/Quiz-Info.plist";
				PRODUCT_NAME = "$(TARGET_NAME)";
				WRAPPER_EXTENSION = app;
			};
			name = Release;
		};
/* End XCBuildConfiguration section */

/* Begin XCConfigurationList section */
		22AF394E18117DC50066BB35 /* Build configuration list for PBXProject "Quiz" */ = {
			isa = XCConfigurationList;
			buildConfigurations = (
				22AF397418117DC60066BB35 /* Debug */,
				22AF397518117DC60066BB35 /* Release */,
			);
			defaultConfigurationIsVisible = 0;
			defaultConfigurationName = Release;
		};
		22AF397618117DC60066BB35 /* Build configuration list for PBXNativeTarget "Quiz" */ = {
			isa = XCConfigurationList;
			buildConfigurations = (
				22AF397718117DC60066BB35 /* Debug */,
				22AF397818117DC60066BB35 /* Release */,
			);
			defaultConfigurationIsVisible = 0;
		};
/* End XCConfigurationList section */
	};
	rootObject = 22AF394B18117DC50066BB35 /* Project object */;
}
